
Microsoft Visual Studio Solution File, Format Version 12.00
# Visual Studio Version 16
VisualStudioVersion = 16.0.30717.126
MinimumVisualStudioVersion = 10.0.40219.1
Project("{9A19103F-16F7-4668-BE54-9A1E7A4F7556}") = "Server", "Server\Server.csproj", "{AB771B3D-E202-4834-BA7A-E0343EFCC84E}"
EndProject
Project("{FAE04EC0-301F-11D3-BF4B-00C04F79EFBC}") = "NUnitTest", "NUnitTest\NUnitTest.csproj", "{EF68DD1E-508E-4397-866D-E87462BA7923}"
EndProject
Global
	GlobalSection(SolutionConfigurationPlatforms) = preSolution
		Debug|Any CPU = Debug|Any CPU
		Release|Any CPU = Release|Any CPU
	EndGlobalSection
	GlobalSection(ProjectConfigurationPlatforms) = postSolution
		{AB771B3D-E202-4834-BA7A-E0343EFCC84E}.Debug|Any CPU.ActiveCfg = Debug|Any CPU
		{AB771B3D-E202-4834-BA7A-E0343EFCC84E}.Debug|Any CPU.Build.0 = Debug|Any CPU
		{AB771B3D-E202-4834-BA7A-E0343EFCC84E}.Release|Any CPU.ActiveCfg = Release|Any CPU
		{AB771B3D-E202-4834-BA7A-E0343EFCC84E}.Release|Any CPU.Build.0 = Release|Any CPU
		{EF68DD1E-508E-4397-866D-E87462BA7923}.Debug|Any CPU.ActiveCfg = Debug|Any CPU
		{EF68DD1E-508E-4397-866D-E87462BA7923}.Debug|Any CPU.Build.0 = Debug|Any CPU
		{EF68DD1E-508E-4397-866D-E87462BA7923}.Release|Any CPU.ActiveCfg = Release|Any CPU
		{EF68DD1E-508E-4397-866D-E87462BA7923}.Release|Any CPU.Build.0 = Release|Any CPU
	EndGlobalSection
	GlobalSection(SolutionProperties) = preSolution
		HideSolutionNode = FALSE
	EndGlobalSection
	GlobalSection(ExtensibilityGlobals) = postSolution
		SolutionGuid = {2C1D15F5-4F6E-4512-BFF8-EFAA6292FD18}
	EndGlobalSection
EndGlobal
